// !$*UTF8*$!
{
	archiveVersion = 1;
	classes = {
	};
	objectVersion = 55;
	objects = {

/* Begin PBXBuildFile section */
		BF0C79422831738E00BA1C82 /* iPhoneTableViewController.swift in Sources */ = {isa = PBXBuildFile; fileRef = BF0C79412831738E00BA1C82 /* iPhoneTableViewController.swift */; };
		BF0C7944283173C800BA1C82 /* iPadCollectionViewController.swift in Sources */ = {isa = PBXBuildFile; fileRef = BF0C7943283173C800BA1C82 /* iPadCollectionViewController.swift */; };
		BF1B3505283660B00073CB3B /* AllButtonController.swift in Sources */ = {isa = PBXBuildFile; fileRef = BF1B3504283660B00073CB3B /* AllButtonController.swift */; };
		BF3D21722874240D000FB6B9 /* TableViewController.swift in Sources */ = {isa = PBXBuildFile; fileRef = BF3D21712874240D000FB6B9 /* TableViewController.swift */; };
		BF3D21742874259E000FB6B9 /* CollectionViewController.swift in Sources */ = {isa = PBXBuildFile; fileRef = BF3D21732874259E000FB6B9 /* CollectionViewController.swift */; };
		BF89BE9F283122F3002FD838 /* AppDelegate.swift in Sources */ = {isa = PBXBuildFile; fileRef = BF89BE9E283122F3002FD838 /* AppDelegate.swift */; };
		BF89BEA1283122F3002FD838 /* SceneDelegate.swift in Sources */ = {isa = PBXBuildFile; fileRef = BF89BEA0283122F3002FD838 /* SceneDelegate.swift */; };
		BF89BEA8283122F5002FD838 /* Assets.xcassets in Resources */ = {isa = PBXBuildFile; fileRef = BF89BEA7283122F5002FD838 /* Assets.xcassets */; };
		BF89BEAB283122F5002FD838 /* LaunchScreen.storyboard in Resources */ = {isa = PBXBuildFile; fileRef = BF89BEA9283122F5002FD838 /* LaunchScreen.storyboard */; };
		BF89BEB3283126C4002FD838 /* StartController.swift in Sources */ = {isa = PBXBuildFile; fileRef = BF89BEB2283126C4002FD838 /* StartController.swift */; };
		BF89BEB5283136FA002FD838 /* TabBarController.swift in Sources */ = {isa = PBXBuildFile; fileRef = BF89BEB4283136FA002FD838 /* TabBarController.swift */; };
		BFB7479128323C48006A4744 /* TeslaController.swift in Sources */ = {isa = PBXBuildFile; fileRef = BFB7479028323C48006A4744 /* TeslaController.swift */; };
		BFD992B2287C11B9002FE4D4 /* TabBarViewController.swift in Sources */ = {isa = PBXBuildFile; fileRef = BFD992B1287C11B9002FE4D4 /* TabBarViewController.swift */; };
		BFD992B4287C11C6002FE4D4 /* BusinessCardController.swift in Sources */ = {isa = PBXBuildFile; fileRef = BFD992B3287C11C6002FE4D4 /* BusinessCardController.swift */; };
		BFD992B6287C574A002FE4D4 /* extensions+customNavigationBar.swift in Sources */ = {isa = PBXBuildFile; fileRef = BFD992B5287C574A002FE4D4 /* extensions+customNavigationBar.swift */; };
/* End PBXBuildFile section */

/* Begin PBXFileReference section */
		BF0C79412831738E00BA1C82 /* iPhoneTableViewController.swift */ = {isa = PBXFileReference; lastKnownFileType = sourcecode.swift; path = iPhoneTableViewController.swift; sourceTree = "<group>"; };
		BF0C7943283173C800BA1C82 /* iPadCollectionViewController.swift */ = {isa = PBXFileReference; lastKnownFileType = sourcecode.swift; path = iPadCollectionViewController.swift; sourceTree = "<group>"; };
		BF1B3504283660B00073CB3B /* AllButtonController.swift */ = {isa = PBXFileReference; lastKnownFileType = sourcecode.swift; path = AllButtonController.swift; sourceTree = "<group>"; };
		BF3D21712874240D000FB6B9 /* TableViewController.swift */ = {isa = PBXFileReference; lastKnownFileType = sourcecode.swift; path = TableViewController.swift; sourceTree = "<group>"; };
		BF3D21732874259E000FB6B9 /* CollectionViewController.swift */ = {isa = PBXFileReference; lastKnownFileType = sourcecode.swift; path = CollectionViewController.swift; sourceTree = "<group>"; };
		BF89BE9B283122F3002FD838 /* NoStoryBoard1.app */ = {isa = PBXFileReference; explicitFileType = wrapper.application; includeInIndex = 0; path = NoStoryBoard1.app; sourceTree = BUILT_PRODUCTS_DIR; };
		BF89BE9E283122F3002FD838 /* AppDelegate.swift */ = {isa = PBXFileReference; lastKnownFileType = sourcecode.swift; path = AppDelegate.swift; sourceTree = "<group>"; };
		BF89BEA0283122F3002FD838 /* SceneDelegate.swift */ = {isa = PBXFileReference; lastKnownFileType = sourcecode.swift; path = SceneDelegate.swift; sourceTree = "<group>"; };
		BF89BEA7283122F5002FD838 /* Assets.xcassets */ = {isa = PBXFileReference; lastKnownFileType = folder.assetcatalog; path = Assets.xcassets; sourceTree = "<group>"; };
		BF89BEAA283122F5002FD838 /* Base */ = {isa = PBXFileReference; lastKnownFileType = file.storyboard; name = Base; path = Base.lproj/LaunchScreen.storyboard; sourceTree = "<group>"; };
		BF89BEAC283122F5002FD838 /* Info.plist */ = {isa = PBXFileReference; lastKnownFileType = text.plist.xml; path = Info.plist; sourceTree = "<group>"; };
		BF89BEB2283126C4002FD838 /* StartController.swift */ = {isa = PBXFileReference; lastKnownFileType = sourcecode.swift; path = StartController.swift; sourceTree = "<group>"; };
		BF89BEB4283136FA002FD838 /* TabBarController.swift */ = {isa = PBXFileReference; lastKnownFileType = sourcecode.swift; path = TabBarController.swift; sourceTree = "<group>"; };
		BFB7479028323C48006A4744 /* TeslaController.swift */ = {isa = PBXFileReference; lastKnownFileType = sourcecode.swift; path = TeslaController.swift; sourceTree = "<group>"; };
		BFD992B1287C11B9002FE4D4 /* TabBarViewController.swift */ = {isa = PBXFileReference; lastKnownFileType = sourcecode.swift; path = TabBarViewController.swift; sourceTree = "<group>"; };
		BFD992B3287C11C6002FE4D4 /* BusinessCardController.swift */ = {isa = PBXFileReference; lastKnownFileType = sourcecode.swift; path = BusinessCardController.swift; sourceTree = "<group>"; };
		BFD992B5287C574A002FE4D4 /* extensions+customNavigationBar.swift */ = {isa = PBXFileReference; lastKnownFileType = sourcecode.swift; path = "extensions+customNavigationBar.swift"; sourceTree = "<group>"; };
/* End PBXFileReference section */

/* Begin PBXFrameworksBuildPhase section */
		BF89BE98283122F3002FD838 /* Frameworks */ = {
			isa = PBXFrameworksBuildPhase;
			buildActionMask = 2147483647;
			files = (
			);
			runOnlyForDeploymentPostprocessing = 0;
		};
/* End PBXFrameworksBuildPhase section */

/* Begin PBXGroup section */
		BF0C79452831740300BA1C82 /* Resourse */ = {
			isa = PBXGroup;
			children = (
				BF89BE9E283122F3002FD838 /* AppDelegate.swift */,
				BF89BEA0283122F3002FD838 /* SceneDelegate.swift */,
				BF89BEA7283122F5002FD838 /* Assets.xcassets */,
				BF89BEA9283122F5002FD838 /* LaunchScreen.storyboard */,
			);
			path = Resourse;
			sourceTree = "<group>";
		};
		BF0C79462831741800BA1C82 /* Controllers */ = {
			isa = PBXGroup;
			children = (
				BF1B350B2836617F0073CB3B /* AllButton */,
				BFD992B7287C57A0002FE4D4 /* Extensions */,
				BFD992B8287C57B2002FE4D4 /* Old Controllers */,
			);
			path = Controllers;
			sourceTree = "<group>";
		};
		BF1B35092836615E0073CB3B /* Start */ = {
			isa = PBXGroup;
			children = (
				BF89BEB2283126C4002FD838 /* StartController.swift */,
				BF89BEB4283136FA002FD838 /* TabBarController.swift */,
				BF0C79412831738E00BA1C82 /* iPhoneTableViewController.swift */,
				BF0C7943283173C800BA1C82 /* iPadCollectionViewController.swift */,
			);
			path = Start;
			sourceTree = "<group>";
		};
		BF1B350A2836616D0073CB3B /* Tesla */ = {
			isa = PBXGroup;
			children = (
				BFB7479028323C48006A4744 /* TeslaController.swift */,
			);
			path = Tesla;
			sourceTree = "<group>";
		};
		BF1B350B2836617F0073CB3B /* AllButton */ = {
			isa = PBXGroup;
			children = (
				BF1B3504283660B00073CB3B /* AllButtonController.swift */,
				BF3D21712874240D000FB6B9 /* TableViewController.swift */,
				BF3D21732874259E000FB6B9 /* CollectionViewController.swift */,
				BFD992B1287C11B9002FE4D4 /* TabBarViewController.swift */,
				BFD992B3287C11C6002FE4D4 /* BusinessCardController.swift */,
			);
			path = AllButton;
			sourceTree = "<group>";
		};
		BF89BE92283122F3002FD838 = {
			isa = PBXGroup;
			children = (
				BF89BE9D283122F3002FD838 /* NoStoryBoard1 */,
				BF89BE9C283122F3002FD838 /* Products */,
			);
			sourceTree = "<group>";
		};
		BF89BE9C283122F3002FD838 /* Products */ = {
			isa = PBXGroup;
			children = (
				BF89BE9B283122F3002FD838 /* NoStoryBoard1.app */,
			);
			name = Products;
			sourceTree = "<group>";
		};
		BF89BE9D283122F3002FD838 /* NoStoryBoard1 */ = {
			isa = PBXGroup;
			children = (
				BF0C79462831741800BA1C82 /* Controllers */,
				BF0C79452831740300BA1C82 /* Resourse */,
				BF89BEAC283122F5002FD838 /* Info.plist */,
			);
			path = NoStoryBoard1;
			sourceTree = "<group>";
		};
		BFD992B7287C57A0002FE4D4 /* Extensions */ = {
			isa = PBXGroup;
			children = (
				BFD992B5287C574A002FE4D4 /* extensions+customNavigationBar.swift */,
			);
			path = Extensions;
			sourceTree = "<group>";
		};
		BFD992B8287C57B2002FE4D4 /* Old Controllers */ = {
			isa = PBXGroup;
			children = (
				BF1B35092836615E0073CB3B /* Start */,
				BF1B350A2836616D0073CB3B /* Tesla */,
			);
			path = "Old Controllers";
			sourceTree = "<group>";
		};
/* End PBXGroup section */

/* Begin PBXNativeTarget section */
		BF89BE9A283122F3002FD838 /* NoStoryBoard1 */ = {
			isa = PBXNativeTarget;
			buildConfigurationList = BF89BEAF283122F5002FD838 /* Build configuration list for PBXNativeTarget "NoStoryBoard1" */;
			buildPhases = (
				BF89BE97283122F3002FD838 /* Sources */,
				BF89BE98283122F3002FD838 /* Frameworks */,
				BF89BE99283122F3002FD838 /* Resources */,
			);
			buildRules = (
			);
			dependencies = (
			);
			name = NoStoryBoard1;
			productName = NoStoryBoard1;
			productReference = BF89BE9B283122F3002FD838 /* NoStoryBoard1.app */;
			productType = "com.apple.product-type.application";
		};
/* End PBXNativeTarget section */

/* Begin PBXProject section */
		BF89BE93283122F3002FD838 /* Project object */ = {
			isa = PBXProject;
			attributes = {
				BuildIndependentTargetsInParallel = 1;
				LastSwiftUpdateCheck = 1330;
				LastUpgradeCheck = 1330;
				TargetAttributes = {
					BF89BE9A283122F3002FD838 = {
						CreatedOnToolsVersion = 13.3.1;
					};
				};
			};
			buildConfigurationList = BF89BE96283122F3002FD838 /* Build configuration list for PBXProject "NoStoryBoard1" */;
			compatibilityVersion = "Xcode 13.0";
			developmentRegion = en;
			hasScannedForEncodings = 0;
			knownRegions = (
				en,
				Base,
			);
			mainGroup = BF89BE92283122F3002FD838;
			productRefGroup = BF89BE9C283122F3002FD838 /* Products */;
			projectDirPath = "";
			projectRoot = "";
			targets = (
				BF89BE9A283122F3002FD838 /* NoStoryBoard1 */,
			);
		};
/* End PBXProject section */

/* Begin PBXResourcesBuildPhase section */
		BF89BE99283122F3002FD838 /* Resources */ = {
			isa = PBXResourcesBuildPhase;
			buildActionMask = 2147483647;
			files = (
				BF89BEAB283122F5002FD838 /* LaunchScreen.storyboard in Resources */,
				BF89BEA8283122F5002FD838 /* Assets.xcassets in Resources */,
			);
			runOnlyForDeploymentPostprocessing = 0;
		};
/* End PBXResourcesBuildPhase section */

/* Begin PBXSourcesBuildPhase section */
		BF89BE97283122F3002FD838 /* Sources */ = {
			isa = PBXSourcesBuildPhase;
			buildActionMask = 2147483647;
			files = (
				BF89BE9F283122F3002FD838 /* AppDelegate.swift in Sources */,
				BF89BEB5283136FA002FD838 /* TabBarController.swift in Sources */,
				BFD992B2287C11B9002FE4D4 /* TabBarViewController.swift in Sources */,
				BF0C7944283173C800BA1C82 /* iPadCollectionViewController.swift in Sources */,
				BF89BEA1283122F3002FD838 /* SceneDelegate.swift in Sources */,
				BF3D21742874259E000FB6B9 /* CollectionViewController.swift in Sources */,
				BFD992B4287C11C6002FE4D4 /* BusinessCardController.swift in Sources */,
				BF89BEB3283126C4002FD838 /* StartController.swift in Sources */,
				BF1B3505283660B00073CB3B /* AllButtonController.swift in Sources */,
				BFB7479128323C48006A4744 /* TeslaController.swift in Sources */,
				BF3D21722874240D000FB6B9 /* TableViewController.swift in Sources */,
				BFD992B6287C574A002FE4D4 /* extensions+customNavigationBar.swift in Sources */,
				BF0C79422831738E00BA1C82 /* iPhoneTableViewController.swift in Sources */,
			);
			runOnlyForDeploymentPostprocessing = 0;
		};
/* End PBXSourcesBuildPhase section */

/* Begin PBXVariantGroup section */
		BF89BEA9283122F5002FD838 /* LaunchScreen.storyboard */ = {
			isa = PBXVariantGroup;
			children = (
				BF89BEAA283122F5002FD838 /* Base */,
			);
			name = LaunchScreen.storyboard;
			sourceTree = "<group>";
		};
/* End PBXVariantGroup section */

/* Begin XCBuildConfiguration section */
		BF89BEAD283122F5002FD838 /* Debug */ = {
			isa = XCBuildConfiguration;
			buildSettings = {
				ALWAYS_SEARCH_USER_PATHS = NO;
				CLANG_ANALYZER_NONNULL = YES;
				CLANG_ANALYZER_NUMBER_OBJECT_CONVERSION = YES_AGGRESSIVE;
				CLANG_CXX_LANGUAGE_STANDARD = "gnu++17";
				CLANG_ENABLE_MODULES = YES;
				CLANG_ENABLE_OBJC_ARC = YES;
				CLANG_ENABLE_OBJC_WEAK = YES;
				CLANG_WARN_BLOCK_CAPTURE_AUTORELEASING = YES;
				CLANG_WARN_BOOL_CONVERSION = YES;
				CLANG_WARN_COMMA = YES;
				CLANG_WARN_CONSTANT_CONVERSION = YES;
				CLANG_WARN_DEPRECATED_OBJC_IMPLEMENTATIONS = YES;
				CLANG_WARN_DIRECT_OBJC_ISA_USAGE = YES_ERROR;
				CLANG_WARN_DOCUMENTATION_COMMENTS = YES;
				CLANG_WARN_EMPTY_BODY = YES;
				CLANG_WARN_ENUM_CONVERSION = YES;
				CLANG_WARN_INFINITE_RECURSION = YES;
				CLANG_WARN_INT_CONVERSION = YES;
				CLANG_WARN_NON_LITERAL_NULL_CONVERSION = YES;
				CLANG_WARN_OBJC_IMPLICIT_RETAIN_SELF = YES;
				CLANG_WARN_OBJC_LITERAL_CONVERSION = YES;
				CLANG_WARN_OBJC_ROOT_CLASS = YES_ERROR;
				CLANG_WARN_QUOTED_INCLUDE_IN_FRAMEWORK_HEADER = YES;
				CLANG_WARN_RANGE_LOOP_ANALYSIS = YES;
				CLANG_WARN_STRICT_PROTOTYPES = YES;
				CLANG_WARN_SUSPICIOUS_MOVE = YES;
				CLANG_WARN_UNGUARDED_AVAILABILITY = YES_AGGRESSIVE;
				CLANG_WARN_UNREACHABLE_CODE = YES;
				CLANG_WARN__DUPLICATE_METHOD_MATCH = YES;
				COPY_PHASE_STRIP = NO;
				DEBUG_INFORMATION_FORMAT = dwarf;
				ENABLE_STRICT_OBJC_MSGSEND = YES;
				ENABLE_TESTABILITY = YES;
				GCC_C_LANGUAGE_STANDARD = gnu11;
				GCC_DYNAMIC_NO_PIC = NO;
				GCC_NO_COMMON_BLOCKS = YES;
				GCC_OPTIMIZATION_LEVEL = 0;
				GCC_PREPROCESSOR_DEFINITIONS = (
					"DEBUG=1",
					"$(inherited)",
				);
				GCC_WARN_64_TO_32_BIT_CONVERSION = YES;
				GCC_WARN_ABOUT_RETURN_TYPE = YES_ERROR;
				GCC_WARN_UNDECLARED_SELECTOR = YES;
				GCC_WARN_UNINITIALIZED_AUTOS = YES_AGGRESSIVE;
				GCC_WARN_UNUSED_FUNCTION = YES;
				GCC_WARN_UNUSED_VARIABLE = YES;
				IPHONEOS_DEPLOYMENT_TARGET = 15.4;
				MTL_ENABLE_DEBUG_INFO = INCLUDE_SOURCE;
				MTL_FAST_MATH = YES;
				ONLY_ACTIVE_ARCH = YES;
				SDKROOT = iphoneos;
				SWIFT_ACTIVE_COMPILATION_CONDITIONS = DEBUG;
				SWIFT_OPTIMIZATION_LEVEL = "-Onone";
			};
			name = Debug;
		};
		BF89BEAE283122F5002FD838 /* Release */ = {
			isa = XCBuildConfiguration;
			buildSettings = {
				ALWAYS_SEARCH_USER_PATHS = NO;
				CLANG_ANALYZER_NONNULL = YES;
				CLANG_ANALYZER_NUMBER_OBJECT_CONVERSION = YES_AGGRESSIVE;
				CLANG_CXX_LANGUAGE_STANDARD = "gnu++17";
				CLANG_ENABLE_MODULES = YES;
				CLANG_ENABLE_OBJC_ARC = YES;
				CLANG_ENABLE_OBJC_WEAK = YES;
				CLANG_WARN_BLOCK_CAPTURE_AUTORELEASING = YES;
				CLANG_WARN_BOOL_CONVERSION = YES;
				CLANG_WARN_COMMA = YES;
				CLANG_WARN_CONSTANT_CONVERSION = YES;
				CLANG_WARN_DEPRECATED_OBJC_IMPLEMENTATIONS = YES;
				CLANG_WARN_DIRECT_OBJC_ISA_USAGE = YES_ERROR;
				CLANG_WARN_DOCUMENTATION_COMMENTS = YES;
				CLANG_WARN_EMPTY_BODY = YES;
				CLANG_WARN_ENUM_CONVERSION = YES;
				CLANG_WARN_INFINITE_RECURSION = YES;
				CLANG_WARN_INT_CONVERSION = YES;
				CLANG_WARN_NON_LITERAL_NULL_CONVERSION = YES;
				CLANG_WARN_OBJC_IMPLICIT_RETAIN_SELF = YES;
				CLANG_WARN_OBJC_LITERAL_CONVERSION = YES;
				CLANG_WARN_OBJC_ROOT_CLASS = YES_ERROR;
				CLANG_WARN_QUOTED_INCLUDE_IN_FRAMEWORK_HEADER = YES;
				CLANG_WARN_RANGE_LOOP_ANALYSIS = YES;
				CLANG_WARN_STRICT_PROTOTYPES = YES;
				CLANG_WARN_SUSPICIOUS_MOVE = YES;
				CLANG_WARN_UNGUARDED_AVAILABILITY = YES_AGGRESSIVE;
				CLANG_WARN_UNREACHABLE_CODE = YES;
				CLANG_WARN__DUPLICATE_METHOD_MATCH = YES;
				COPY_PHASE_STRIP = NO;
				DEBUG_INFORMATION_FORMAT = "dwarf-with-dsym";
				ENABLE_NS_ASSERTIONS = NO;
				ENABLE_STRICT_OBJC_MSGSEND = YES;
				GCC_C_LANGUAGE_STANDARD = gnu11;
				GCC_NO_COMMON_BLOCKS = YES;
				GCC_WARN_64_TO_32_BIT_CONVERSION = YES;
				GCC_WARN_ABOUT_RETURN_TYPE = YES_ERROR;
				GCC_WARN_UNDECLARED_SELECTOR = YES;
				GCC_WARN_UNINITIALIZED_AUTOS = YES_AGGRESSIVE;
				GCC_WARN_UNUSED_FUNCTION = YES;
				GCC_WARN_UNUSED_VARIABLE = YES;
				IPHONEOS_DEPLOYMENT_TARGET = 15.4;
				MTL_ENABLE_DEBUG_INFO = NO;
				MTL_FAST_MATH = YES;
				SDKROOT = iphoneos;
				SWIFT_COMPILATION_MODE = wholemodule;
				SWIFT_OPTIMIZATION_LEVEL = "-O";
				VALIDATE_PRODUCT = YES;
			};
			name = Release;
		};
		BF89BEB0283122F5002FD838 /* Debug */ = {
			isa = XCBuildConfiguration;
			buildSettings = {
				ASSETCATALOG_COMPILER_APPICON_NAME = AppIcon;
				ASSETCATALOG_COMPILER_GLOBAL_ACCENT_COLOR_NAME = AccentColor;
				CODE_SIGN_STYLE = Automatic;
				CURRENT_PROJECT_VERSION = 1;
				DEVELOPMENT_TEAM = 7394NAD58Z;
				GENERATE_INFOPLIST_FILE = YES;
				INFOPLIST_FILE = NoStoryBoard1/Info.plist;
				INFOPLIST_KEY_UIApplicationSupportsIndirectInputEvents = YES;
				INFOPLIST_KEY_UILaunchStoryboardName = LaunchScreen;
				INFOPLIST_KEY_UISupportedInterfaceOrientations = "UIInterfaceOrientationPortrait UIInterfaceOrientationLandscapeLeft UIInterfaceOrientationLandscapeRight";
				INFOPLIST_KEY_UISupportedInterfaceOrientations_iPad = "UIInterfaceOrientationPortrait UIInterfaceOrientationPortraitUpsideDown UIInterfaceOrientationLandscapeLeft UIInterfaceOrientationLandscapeRight";
				INFOPLIST_KEY_UISupportedInterfaceOrientations_iPhone = "UIInterfaceOrientationPortrait UIInterfaceOrientationLandscapeLeft UIInterfaceOrientationLandscapeRight";
				LD_RUNPATH_SEARCH_PATHS = (
					"$(inherited)",
					"@executable_path/Frameworks",
				);
				MARKETING_VERSION = 1.0;
				PRODUCT_BUNDLE_IDENTIFIER = "Koval-Mark.NoStoryBoard1";
				PRODUCT_NAME = "$(TARGET_NAME)";
				SWIFT_EMIT_LOC_STRINGS = YES;
				SWIFT_VERSION = 5.0;
				TARGETED_DEVICE_FAMILY = "1,2";
			};
			name = Debug;
		};
		BF89BEB1283122F5002FD838 /* Release */ = {
			isa = XCBuildConfiguration;
			buildSettings = {
				ASSETCATALOG_COMPILER_APPICON_NAME = AppIcon;
				ASSETCATALOG_COMPILER_GLOBAL_ACCENT_COLOR_NAME = AccentColor;
				CODE_SIGN_STYLE = Automatic;
				CURRENT_PROJECT_VERSION = 1;
				DEVELOPMENT_TEAM = 7394NAD58Z;
				GENERATE_INFOPLIST_FILE = YES;
				INFOPLIST_FILE = NoStoryBoard1/Info.plist;
				INFOPLIST_KEY_UIApplicationSupportsIndirectInputEvents = YES;
				INFOPLIST_KEY_UILaunchStoryboardName = LaunchScreen;
				INFOPLIST_KEY_UISupportedInterfaceOrientations = "UIInterfaceOrientationPortrait UIInterfaceOrientationLandscapeLeft UIInterfaceOrientationLandscapeRight";
				INFOPLIST_KEY_UISupportedInterfaceOrientations_iPad = "UIInterfaceOrientationPortrait UIInterfaceOrientationPortraitUpsideDown UIInterfaceOrientationLandscapeLeft UIInterfaceOrientationLandscapeRight";
				INFOPLIST_KEY_UISupportedInterfaceOrientations_iPhone = "UIInterfaceOrientationPortrait UIInterfaceOrientationLandscapeLeft UIInterfaceOrientationLandscapeRight";
				LD_RUNPATH_SEARCH_PATHS = (
					"$(inherited)",
					"@executable_path/Frameworks",
				);
				MARKETING_VERSION = 1.0;
				PRODUCT_BUNDLE_IDENTIFIER = "Koval-Mark.NoStoryBoard1";
				PRODUCT_NAME = "$(TARGET_NAME)";
				SWIFT_EMIT_LOC_STRINGS = YES;
				SWIFT_VERSION = 5.0;
				TARGETED_DEVICE_FAMILY = "1,2";
			};
			name = Release;
		};
/* End XCBuildConfiguration section */

/* Begin XCConfigurationList section */
		BF89BE96283122F3002FD838 /* Build configuration list for PBXProject "NoStoryBoard1" */ = {
			isa = XCConfigurationList;
			buildConfigurations = (
				BF89BEAD283122F5002FD838 /* Debug */,
				BF89BEAE283122F5002FD838 /* Release */,
			);
			defaultConfigurationIsVisible = 0;
			defaultConfigurationName = Release;
		};
		BF89BEAF283122F5002FD838 /* Build configuration list for PBXNativeTarget "NoStoryBoard1" */ = {
			isa = XCConfigurationList;
			buildConfigurations = (
				BF89BEB0283122F5002FD838 /* Debug */,
				BF89BEB1283122F5002FD838 /* Release */,
			);
			defaultConfigurationIsVisible = 0;
			defaultConfigurationName = Release;
		};
/* End XCConfigurationList section */
	};
	rootObject = BF89BE93283122F3002FD838 /* Project object */;
}
